// !$*UTF8*$!
{
	archiveVersion = 1;
	classes = {
	};
	objectVersion = 55;
	objects = {

/* Begin PBXBuildFile section */
		2196BAFC270A77B8000B04C2 /* AppDelegate.swift in Sources */ = {isa = PBXBuildFile; fileRef = 2196BAFB270A77B8000B04C2 /* AppDelegate.swift */; };
		2196BAFE270A77B8000B04C2 /* SceneDelegate.swift in Sources */ = {isa = PBXBuildFile; fileRef = 2196BAFD270A77B8000B04C2 /* SceneDelegate.swift */; };
		2196BB03270A77B8000B04C2 /* Main.storyboard in Resources */ = {isa = PBXBuildFile; fileRef = 2196BB01270A77B8000B04C2 /* Main.storyboard */; };
		2196BB05270A77BA000B04C2 /* Assets.xcassets in Resources */ = {isa = PBXBuildFile; fileRef = 2196BB04270A77BA000B04C2 /* Assets.xcassets */; };
		2196BB08270A77BA000B04C2 /* LaunchScreen.storyboard in Resources */ = {isa = PBXBuildFile; fileRef = 2196BB06270A77BA000B04C2 /* LaunchScreen.storyboard */; };
		2196BB16270A792C000B04C2 /* MainTabController.swift in Sources */ = {isa = PBXBuildFile; fileRef = 2196BB15270A792C000B04C2 /* MainTabController.swift */; };
		2196BB18270A7A93000B04C2 /* FeedController.swift in Sources */ = {isa = PBXBuildFile; fileRef = 2196BB17270A7A93000B04C2 /* FeedController.swift */; };
		2196BB1A270A7AA1000B04C2 /* SearchController.swift in Sources */ = {isa = PBXBuildFile; fileRef = 2196BB19270A7AA1000B04C2 /* SearchController.swift */; };
		2196BB1C270A7AAC000B04C2 /* ImageSelectorController.swift in Sources */ = {isa = PBXBuildFile; fileRef = 2196BB1B270A7AAC000B04C2 /* ImageSelectorController.swift */; };
		2196BB1E270A7ABB000B04C2 /* NotificationsController.swift in Sources */ = {isa = PBXBuildFile; fileRef = 2196BB1D270A7ABB000B04C2 /* NotificationsController.swift */; };
		2196BB20270A7AC8000B04C2 /* ProfileController.swift in Sources */ = {isa = PBXBuildFile; fileRef = 2196BB1F270A7AC8000B04C2 /* ProfileController.swift */; };
		2196BB22270A8FE5000B04C2 /* FeedCell.swift in Sources */ = {isa = PBXBuildFile; fileRef = 2196BB21270A8FE5000B04C2 /* FeedCell.swift */; };
		2196BB24270A9079000B04C2 /* Extensions.swift in Sources */ = {isa = PBXBuildFile; fileRef = 2196BB23270A9079000B04C2 /* Extensions.swift */; };
/* End PBXBuildFile section */

/* Begin PBXFileReference section */
		2196BAF8270A77B8000B04C2 /* PictureMeApp.app */ = {isa = PBXFileReference; explicitFileType = wrapper.application; includeInIndex = 0; path = PictureMeApp.app; sourceTree = BUILT_PRODUCTS_DIR; };
		2196BAFB270A77B8000B04C2 /* AppDelegate.swift */ = {isa = PBXFileReference; lastKnownFileType = sourcecode.swift; path = AppDelegate.swift; sourceTree = "<group>"; };
		2196BAFD270A77B8000B04C2 /* SceneDelegate.swift */ = {isa = PBXFileReference; lastKnownFileType = sourcecode.swift; path = SceneDelegate.swift; sourceTree = "<group>"; };
		2196BB02270A77B8000B04C2 /* Base */ = {isa = PBXFileReference; lastKnownFileType = file.storyboard; name = Base; path = Base.lproj/Main.storyboard; sourceTree = "<group>"; };
		2196BB04270A77BA000B04C2 /* Assets.xcassets */ = {isa = PBXFileReference; lastKnownFileType = folder.assetcatalog; path = Assets.xcassets; sourceTree = "<group>"; };
		2196BB07270A77BA000B04C2 /* Base */ = {isa = PBXFileReference; lastKnownFileType = file.storyboard; name = Base; path = Base.lproj/LaunchScreen.storyboard; sourceTree = "<group>"; };
		2196BB09270A77BA000B04C2 /* Info.plist */ = {isa = PBXFileReference; lastKnownFileType = text.plist.xml; path = Info.plist; sourceTree = "<group>"; };
		2196BB15270A792C000B04C2 /* MainTabController.swift */ = {isa = PBXFileReference; lastKnownFileType = sourcecode.swift; path = MainTabController.swift; sourceTree = "<group>"; };
		2196BB17270A7A93000B04C2 /* FeedController.swift */ = {isa = PBXFileReference; lastKnownFileType = sourcecode.swift; path = FeedController.swift; sourceTree = "<group>"; };
		2196BB19270A7AA1000B04C2 /* SearchController.swift */ = {isa = PBXFileReference; lastKnownFileType = sourcecode.swift; path = SearchController.swift; sourceTree = "<group>"; };
		2196BB1B270A7AAC000B04C2 /* ImageSelectorController.swift */ = {isa = PBXFileReference; lastKnownFileType = sourcecode.swift; path = ImageSelectorController.swift; sourceTree = "<group>"; };
		2196BB1D270A7ABB000B04C2 /* NotificationsController.swift */ = {isa = PBXFileReference; lastKnownFileType = sourcecode.swift; path = NotificationsController.swift; sourceTree = "<group>"; };
		2196BB1F270A7AC8000B04C2 /* ProfileController.swift */ = {isa = PBXFileReference; lastKnownFileType = sourcecode.swift; path = ProfileController.swift; sourceTree = "<group>"; };
		2196BB21270A8FE5000B04C2 /* FeedCell.swift */ = {isa = PBXFileReference; lastKnownFileType = sourcecode.swift; path = FeedCell.swift; sourceTree = "<group>"; };
		2196BB23270A9079000B04C2 /* Extensions.swift */ = {isa = PBXFileReference; lastKnownFileType = sourcecode.swift; path = Extensions.swift; sourceTree = "<group>"; };
/* End PBXFileReference section */

/* Begin PBXFrameworksBuildPhase section */
		2196BAF5270A77B8000B04C2 /* Frameworks */ = {
			isa = PBXFrameworksBuildPhase;
			buildActionMask = 2147483647;
			files = (
			);
			runOnlyForDeploymentPostprocessing = 0;
		};
/* End PBXFrameworksBuildPhase section */

/* Begin PBXGroup section */
		2196BAEF270A77B8000B04C2 = {
			isa = PBXGroup;
			children = (
				2196BAFA270A77B8000B04C2 /* PictureMeApp */,
				2196BAF9270A77B8000B04C2 /* Products */,
			);
			sourceTree = "<group>";
		};
		2196BAF9270A77B8000B04C2 /* Products */ = {
			isa = PBXGroup;
			children = (
				2196BAF8270A77B8000B04C2 /* PictureMeApp.app */,
			);
			name = Products;
			sourceTree = "<group>";
		};
		2196BAFA270A77B8000B04C2 /* PictureMeApp */ = {
			isa = PBXGroup;
			children = (
				2196BB14270A78BD000B04C2 /* Utils */,
				2196BB13270A78B2000B04C2 /* APICaller */,
				2196BB12270A7896000B04C2 /* Controllers */,
				2196BB11270A788A000B04C2 /* ViewModels */,
				2196BB10270A7884000B04C2 /* Views */,
				2196BB0F270A785B000B04C2 /* Models */,
				2196BAFB270A77B8000B04C2 /* AppDelegate.swift */,
				2196BAFD270A77B8000B04C2 /* SceneDelegate.swift */,
				2196BB01270A77B8000B04C2 /* Main.storyboard */,
				2196BB04270A77BA000B04C2 /* Assets.xcassets */,
				2196BB06270A77BA000B04C2 /* LaunchScreen.storyboard */,
				2196BB09270A77BA000B04C2 /* Info.plist */,
			);
			path = PictureMeApp;
			sourceTree = "<group>";
		};
		2196BB0F270A785B000B04C2 /* Models */ = {
			isa = PBXGroup;
			children = (
			);
			path = Models;
			sourceTree = "<group>";
		};
		2196BB10270A7884000B04C2 /* Views */ = {
			isa = PBXGroup;
			children = (
				2196BB21270A8FE5000B04C2 /* FeedCell.swift */,
			);
			path = Views;
			sourceTree = "<group>";
		};
		2196BB11270A788A000B04C2 /* ViewModels */ = {
			isa = PBXGroup;
			children = (
			);
			path = ViewModels;
			sourceTree = "<group>";
		};
		2196BB12270A7896000B04C2 /* Controllers */ = {
			isa = PBXGroup;
			children = (
				2196BB15270A792C000B04C2 /* MainTabController.swift */,
				2196BB17270A7A93000B04C2 /* FeedController.swift */,
				2196BB19270A7AA1000B04C2 /* SearchController.swift */,
				2196BB1B270A7AAC000B04C2 /* ImageSelectorController.swift */,
				2196BB1D270A7ABB000B04C2 /* NotificationsController.swift */,
				2196BB1F270A7AC8000B04C2 /* ProfileController.swift */,
			);
			path = Controllers;
			sourceTree = "<group>";
		};
		2196BB13270A78B2000B04C2 /* APICaller */ = {
			isa = PBXGroup;
			children = (
			);
			path = APICaller;
			sourceTree = "<group>";
		};
		2196BB14270A78BD000B04C2 /* Utils */ = {
			isa = PBXGroup;
			children = (
				2196BB23270A9079000B04C2 /* Extensions.swift */,
			);
			path = Utils;
			sourceTree = "<group>";
		};
/* End PBXGroup section */

/* Begin PBXNativeTarget section */
		2196BAF7270A77B8000B04C2 /* PictureMeApp */ = {
			isa = PBXNativeTarget;
			buildConfigurationList = 2196BB0C270A77BA000B04C2 /* Build configuration list for PBXNativeTarget "PictureMeApp" */;
			buildPhases = (
				2196BAF4270A77B8000B04C2 /* Sources */,
				2196BAF5270A77B8000B04C2 /* Frameworks */,
				2196BAF6270A77B8000B04C2 /* Resources */,
			);
			buildRules = (
			);
			dependencies = (
			);
			name = PictureMeApp;
			productName = PictureMeApp;
			productReference = 2196BAF8270A77B8000B04C2 /* PictureMeApp.app */;
			productType = "com.apple.product-type.application";
		};
/* End PBXNativeTarget section */

/* Begin PBXProject section */
		2196BAF0270A77B8000B04C2 /* Project object */ = {
			isa = PBXProject;
			attributes = {
				BuildIndependentTargetsInParallel = 1;
				LastSwiftUpdateCheck = 1300;
				LastUpgradeCheck = 1300;
				TargetAttributes = {
					2196BAF7270A77B8000B04C2 = {
						CreatedOnToolsVersion = 13.0;
					};
				};
			};
			buildConfigurationList = 2196BAF3270A77B8000B04C2 /* Build configuration list for PBXProject "PictureMeApp" */;
			compatibilityVersion = "Xcode 13.0";
			developmentRegion = en;
			hasScannedForEncodings = 0;
			knownRegions = (
				en,
				Base,
			);
			mainGroup = 2196BAEF270A77B8000B04C2;
			productRefGroup = 2196BAF9270A77B8000B04C2 /* Products */;
			projectDirPath = "";
			projectRoot = "";
			targets = (
				2196BAF7270A77B8000B04C2 /* PictureMeApp */,
			);
		};
/* End PBXProject section */

/* Begin PBXResourcesBuildPhase section */
		2196BAF6270A77B8000B04C2 /* Resources */ = {
			isa = PBXResourcesBuildPhase;
			buildActionMask = 2147483647;
			files = (
				2196BB08270A77BA000B04C2 /* LaunchScreen.storyboard in Resources */,
				2196BB05270A77BA000B04C2 /* Assets.xcassets in Resources */,
				2196BB03270A77B8000B04C2 /* Main.storyboard in Resources */,
			);
			runOnlyForDeploymentPostprocessing = 0;
		};
/* End PBXResourcesBuildPhase section */

/* Begin PBXSourcesBuildPhase section */
		2196BAF4270A77B8000B04C2 /* Sources */ = {
			isa = PBXSourcesBuildPhase;
			buildActionMask = 2147483647;
			files = (
				2196BAFC270A77B8000B04C2 /* AppDelegate.swift in Sources */,
				2196BB1A270A7AA1000B04C2 /* SearchController.swift in Sources */,
				2196BB16270A792C000B04C2 /* MainTabController.swift in Sources */,
				2196BAFE270A77B8000B04C2 /* SceneDelegate.swift in Sources */,
				2196BB1E270A7ABB000B04C2 /* NotificationsController.swift in Sources */,
				2196BB24270A9079000B04C2 /* Extensions.swift in Sources */,
				2196BB1C270A7AAC000B04C2 /* ImageSelectorController.swift in Sources */,
				2196BB18270A7A93000B04C2 /* FeedController.swift in Sources */,
				2196BB20270A7AC8000B04C2 /* ProfileController.swift in Sources */,
				2196BB22270A8FE5000B04C2 /* FeedCell.swift in Sources */,
			);
			runOnlyForDeploymentPostprocessing = 0;
		};
/* End PBXSourcesBuildPhase section */

/* Begin PBXVariantGroup section */
		2196BB01270A77B8000B04C2 /* Main.storyboard */ = {
			isa = PBXVariantGroup;
			children = (
				2196BB02270A77B8000B04C2 /* Base */,
			);
			name = Main.storyboard;
			sourceTree = "<group>";
		};
		2196BB06270A77BA000B04C2 /* LaunchScreen.storyboard */ = {
			isa = PBXVariantGroup;
			children = (
				2196BB07270A77BA000B04C2 /* Base */,
			);
			name = LaunchScreen.storyboard;
			sourceTree = "<group>";
		};
/* End PBXVariantGroup section */

/* Begin XCBuildConfiguration section */
		2196BB0A270A77BA000B04C2 /* Debug */ = {
			isa = XCBuildConfiguration;
			buildSettings = {
				ALWAYS_SEARCH_USER_PATHS = NO;
				CLANG_ANALYZER_NONNULL = YES;
				CLANG_ANALYZER_NUMBER_OBJECT_CONVERSION = YES_AGGRESSIVE;
				CLANG_CXX_LANGUAGE_STANDARD = "gnu++17";
				CLANG_CXX_LIBRARY = "libc++";
				CLANG_ENABLE_MODULES = YES;
				CLANG_ENABLE_OBJC_ARC = YES;
				CLANG_ENABLE_OBJC_WEAK = YES;
				CLANG_WARN_BLOCK_CAPTURE_AUTORELEASING = YES;
				CLANG_WARN_BOOL_CONVERSION = YES;
				CLANG_WARN_COMMA = YES;
				CLANG_WARN_CONSTANT_CONVERSION = YES;
				CLANG_WARN_DEPRECATED_OBJC_IMPLEMENTATIONS = YES;
				CLANG_WARN_DIRECT_OBJC_ISA_USAGE = YES_ERROR;
				CLANG_WARN_DOCUMENTATION_COMMENTS = YES;
				CLANG_WARN_EMPTY_BODY = YES;
				CLANG_WARN_ENUM_CONVERSION = YES;
				CLANG_WARN_INFINITE_RECURSION = YES;
				CLANG_WARN_INT_CONVERSION = YES;
				CLANG_WARN_NON_LITERAL_NULL_CONVERSION = YES;
				CLANG_WARN_OBJC_IMPLICIT_RETAIN_SELF = YES;
				CLANG_WARN_OBJC_LITERAL_CONVERSION = YES;
				CLANG_WARN_OBJC_ROOT_CLASS = YES_ERROR;
				CLANG_WARN_QUOTED_INCLUDE_IN_FRAMEWORK_HEADER = YES;
				CLANG_WARN_RANGE_LOOP_ANALYSIS = YES;
				CLANG_WARN_STRICT_PROTOTYPES = YES;
				CLANG_WARN_SUSPICIOUS_MOVE = YES;
				CLANG_WARN_UNGUARDED_AVAILABILITY = YES_AGGRESSIVE;
				CLANG_WARN_UNREACHABLE_CODE = YES;
				CLANG_WARN__DUPLICATE_METHOD_MATCH = YES;
				COPY_PHASE_STRIP = NO;
				DEBUG_INFORMATION_FORMAT = dwarf;
				ENABLE_STRICT_OBJC_MSGSEND = YES;
				ENABLE_TESTABILITY = YES;
				GCC_C_LANGUAGE_STANDARD = gnu11;
				GCC_DYNAMIC_NO_PIC = NO;
				GCC_NO_COMMON_BLOCKS = YES;
				GCC_OPTIMIZATION_LEVEL = 0;
				GCC_PREPROCESSOR_DEFINITIONS = (
					"DEBUG=1",
					"$(inherited)",
				);
				GCC_WARN_64_TO_32_BIT_CONVERSION = YES;
				GCC_WARN_ABOUT_RETURN_TYPE = YES_ERROR;
				GCC_WARN_UNDECLARED_SELECTOR = YES;
				GCC_WARN_UNINITIALIZED_AUTOS = YES_AGGRESSIVE;
				GCC_WARN_UNUSED_FUNCTION = YES;
				GCC_WARN_UNUSED_VARIABLE = YES;
				IPHONEOS_DEPLOYMENT_TARGET = 15.0;
				MTL_ENABLE_DEBUG_INFO = INCLUDE_SOURCE;
				MTL_FAST_MATH = YES;
				ONLY_ACTIVE_ARCH = YES;
				SDKROOT = iphoneos;
				SWIFT_ACTIVE_COMPILATION_CONDITIONS = DEBUG;
				SWIFT_OPTIMIZATION_LEVEL = "-Onone";
			};
			name = Debug;
		};
		2196BB0B270A77BA000B04C2 /* Release */ = {
			isa = XCBuildConfiguration;
			buildSettings = {
				ALWAYS_SEARCH_USER_PATHS = NO;
				CLANG_ANALYZER_NONNULL = YES;
				CLANG_ANALYZER_NUMBER_OBJECT_CONVERSION = YES_AGGRESSIVE;
				CLANG_CXX_LANGUAGE_STANDARD = "gnu++17";
				CLANG_CXX_LIBRARY = "libc++";
				CLANG_ENABLE_MODULES = YES;
				CLANG_ENABLE_OBJC_ARC = YES;
				CLANG_ENABLE_OBJC_WEAK = YES;
				CLANG_WARN_BLOCK_CAPTURE_AUTORELEASING = YES;
				CLANG_WARN_BOOL_CONVERSION = YES;
				CLANG_WARN_COMMA = YES;
				CLANG_WARN_CONSTANT_CONVERSION = YES;
				CLANG_WARN_DEPRECATED_OBJC_IMPLEMENTATIONS = YES;
				CLANG_WARN_DIRECT_OBJC_ISA_USAGE = YES_ERROR;
				CLANG_WARN_DOCUMENTATION_COMMENTS = YES;
				CLANG_WARN_EMPTY_BODY = YES;
				CLANG_WARN_ENUM_CONVERSION = YES;
				CLANG_WARN_INFINITE_RECURSION = YES;
				CLANG_WARN_INT_CONVERSION = YES;
				CLANG_WARN_NON_LITERAL_NULL_CONVERSION = YES;
				CLANG_WARN_OBJC_IMPLICIT_RETAIN_SELF = YES;
				CLANG_WARN_OBJC_LITERAL_CONVERSION = YES;
				CLANG_WARN_OBJC_ROOT_CLASS = YES_ERROR;
				CLANG_WARN_QUOTED_INCLUDE_IN_FRAMEWORK_HEADER = YES;
				CLANG_WARN_RANGE_LOOP_ANALYSIS = YES;
				CLANG_WARN_STRICT_PROTOTYPES = YES;
				CLANG_WARN_SUSPICIOUS_MOVE = YES;
				CLANG_WARN_UNGUARDED_AVAILABILITY = YES_AGGRESSIVE;
				CLANG_WARN_UNREACHABLE_CODE = YES;
				CLANG_WARN__DUPLICATE_METHOD_MATCH = YES;
				COPY_PHASE_STRIP = NO;
				DEBUG_INFORMATION_FORMAT = "dwarf-with-dsym";
				ENABLE_NS_ASSERTIONS = NO;
				ENABLE_STRICT_OBJC_MSGSEND = YES;
				GCC_C_LANGUAGE_STANDARD = gnu11;
				GCC_NO_COMMON_BLOCKS = YES;
				GCC_WARN_64_TO_32_BIT_CONVERSION = YES;
				GCC_WARN_ABOUT_RETURN_TYPE = YES_ERROR;
				GCC_WARN_UNDECLARED_SELECTOR = YES;
				GCC_WARN_UNINITIALIZED_AUTOS = YES_AGGRESSIVE;
				GCC_WARN_UNUSED_FUNCTION = YES;
				GCC_WARN_UNUSED_VARIABLE = YES;
				IPHONEOS_DEPLOYMENT_TARGET = 15.0;
				MTL_ENABLE_DEBUG_INFO = NO;
				MTL_FAST_MATH = YES;
				SDKROOT = iphoneos;
				SWIFT_COMPILATION_MODE = wholemodule;
				SWIFT_OPTIMIZATION_LEVEL = "-O";
				VALIDATE_PRODUCT = YES;
			};
			name = Release;
		};
		2196BB0D270A77BA000B04C2 /* Debug */ = {
			isa = XCBuildConfiguration;
			buildSettings = {
				ASSETCATALOG_COMPILER_APPICON_NAME = AppIcon;
				ASSETCATALOG_COMPILER_GLOBAL_ACCENT_COLOR_NAME = AccentColor;
				CODE_SIGN_STYLE = Automatic;
				CURRENT_PROJECT_VERSION = 1;
				DEVELOPMENT_TEAM = QLJ84Q3ZSY;
				GENERATE_INFOPLIST_FILE = YES;
				INFOPLIST_FILE = PictureMeApp/Info.plist;
				INFOPLIST_KEY_UIApplicationSupportsIndirectInputEvents = YES;
				INFOPLIST_KEY_UILaunchStoryboardName = LaunchScreen;
				INFOPLIST_KEY_UIMainStoryboardFile = Main;
				INFOPLIST_KEY_UISupportedInterfaceOrientations_iPad = "UIInterfaceOrientationPortrait UIInterfaceOrientationPortraitUpsideDown UIInterfaceOrientationLandscapeLeft UIInterfaceOrientationLandscapeRight";
				INFOPLIST_KEY_UISupportedInterfaceOrientations_iPhone = "UIInterfaceOrientationPortrait UIInterfaceOrientationLandscapeLeft UIInterfaceOrientationLandscapeRight";
				LD_RUNPATH_SEARCH_PATHS = (
					"$(inherited)",
					"@executable_path/Frameworks",
				);
				MARKETING_VERSION = 1.0;
				PRODUCT_BUNDLE_IDENTIFIER = com.aveldanov.PictureMeApp;
				PRODUCT_NAME = "$(TARGET_NAME)";
				SWIFT_EMIT_LOC_STRINGS = YES;
				SWIFT_VERSION = 5.0;
				TARGETED_DEVICE_FAMILY = "1,2";
			};
			name = Debug;
		};
		2196BB0E270A77BA000B04C2 /* Release */ = {
			isa = XCBuildConfiguration;
			buildSettings = {
				ASSETCATALOG_COMPILER_APPICON_NAME = AppIcon;
				ASSETCATALOG_COMPILER_GLOBAL_ACCENT_COLOR_NAME = AccentColor;
				CODE_SIGN_STYLE = Automatic;
				CURRENT_PROJECT_VERSION = 1;
				DEVELOPMENT_TEAM = QLJ84Q3ZSY;
				GENERATE_INFOPLIST_FILE = YES;
				INFOPLIST_FILE = PictureMeApp/Info.plist;
				INFOPLIST_KEY_UIApplicationSupportsIndirectInputEvents = YES;
				INFOPLIST_KEY_UILaunchStoryboardName = LaunchScreen;
				INFOPLIST_KEY_UIMainStoryboardFile = Main;
				INFOPLIST_KEY_UISupportedInterfaceOrientations_iPad = "UIInterfaceOrientationPortrait UIInterfaceOrientationPortraitUpsideDown UIInterfaceOrientationLandscapeLeft UIInterfaceOrientationLandscapeRight";
				INFOPLIST_KEY_UISupportedInterfaceOrientations_iPhone = "UIInterfaceOrientationPortrait UIInterfaceOrientationLandscapeLeft UIInterfaceOrientationLandscapeRight";
				LD_RUNPATH_SEARCH_PATHS = (
					"$(inherited)",
					"@executable_path/Frameworks",
				);
				MARKETING_VERSION = 1.0;
				PRODUCT_BUNDLE_IDENTIFIER = com.aveldanov.PictureMeApp;
				PRODUCT_NAME = "$(TARGET_NAME)";
				SWIFT_EMIT_LOC_STRINGS = YES;
				SWIFT_VERSION = 5.0;
				TARGETED_DEVICE_FAMILY = "1,2";
			};
			name = Release;
		};
/* End XCBuildConfiguration section */

/* Begin XCConfigurationList section */
		2196BAF3270A77B8000B04C2 /* Build configuration list for PBXProject "PictureMeApp" */ = {
			isa = XCConfigurationList;
			buildConfigurations = (
				2196BB0A270A77BA000B04C2 /* Debug */,
				2196BB0B270A77BA000B04C2 /* Release */,
			);
			defaultConfigurationIsVisible = 0;
			defaultConfigurationName = Release;
		};
		2196BB0C270A77BA000B04C2 /* Build configuration list for PBXNativeTarget "PictureMeApp" */ = {
			isa = XCConfigurationList;
			buildConfigurations = (
				2196BB0D270A77BA000B04C2 /* Debug */,
				2196BB0E270A77BA000B04C2 /* Release */,
			);
			defaultConfigurationIsVisible = 0;
			defaultConfigurationName = Release;
		};
/* End XCConfigurationList section */
	};
	rootObject = 2196BAF0270A77B8000B04C2 /* Project object */;
}
