// !$*UTF8*$!
{
	archiveVersion = 1;
	classes = {
	};
	objectVersion = 55;
	objects = {

/* Begin PBXBuildFile section */
		216E61482713C7A5006FAF9E /* UserCell.swift in Sources */ = {isa = PBXBuildFile; fileRef = 216E61472713C7A5006FAF9E /* UserCell.swift */; };
		216E614A2715294B006FAF9E /* UserCellViewModel.swift in Sources */ = {isa = PBXBuildFile; fileRef = 216E61492715294B006FAF9E /* UserCellViewModel.swift */; };
		216E614C2718CA56006FAF9E /* UploadPostController.swift in Sources */ = {isa = PBXBuildFile; fileRef = 216E614B2718CA55006FAF9E /* UploadPostController.swift */; };
		216E614F2718D4F3006FAF9E /* CustomInputTextView.swift in Sources */ = {isa = PBXBuildFile; fileRef = 216E614E2718D4F3006FAF9E /* CustomInputTextView.swift */; };
		2196BAFC270A77B8000B04C2 /* AppDelegate.swift in Sources */ = {isa = PBXBuildFile; fileRef = 2196BAFB270A77B8000B04C2 /* AppDelegate.swift */; };
		2196BAFE270A77B8000B04C2 /* SceneDelegate.swift in Sources */ = {isa = PBXBuildFile; fileRef = 2196BAFD270A77B8000B04C2 /* SceneDelegate.swift */; };
		2196BB03270A77B8000B04C2 /* Main.storyboard in Resources */ = {isa = PBXBuildFile; fileRef = 2196BB01270A77B8000B04C2 /* Main.storyboard */; };
		2196BB05270A77BA000B04C2 /* Assets.xcassets in Resources */ = {isa = PBXBuildFile; fileRef = 2196BB04270A77BA000B04C2 /* Assets.xcassets */; };
		2196BB08270A77BA000B04C2 /* LaunchScreen.storyboard in Resources */ = {isa = PBXBuildFile; fileRef = 2196BB06270A77BA000B04C2 /* LaunchScreen.storyboard */; };
		2196BB16270A792C000B04C2 /* MainTabController.swift in Sources */ = {isa = PBXBuildFile; fileRef = 2196BB15270A792C000B04C2 /* MainTabController.swift */; };
		2196BB18270A7A93000B04C2 /* FeedController.swift in Sources */ = {isa = PBXBuildFile; fileRef = 2196BB17270A7A93000B04C2 /* FeedController.swift */; };
		2196BB1A270A7AA1000B04C2 /* SearchController.swift in Sources */ = {isa = PBXBuildFile; fileRef = 2196BB19270A7AA1000B04C2 /* SearchController.swift */; };
		2196BB1C270A7AAC000B04C2 /* ImageSelectorController.swift in Sources */ = {isa = PBXBuildFile; fileRef = 2196BB1B270A7AAC000B04C2 /* ImageSelectorController.swift */; };
		2196BB1E270A7ABB000B04C2 /* NotificationsController.swift in Sources */ = {isa = PBXBuildFile; fileRef = 2196BB1D270A7ABB000B04C2 /* NotificationsController.swift */; };
		2196BB20270A7AC8000B04C2 /* ProfileController.swift in Sources */ = {isa = PBXBuildFile; fileRef = 2196BB1F270A7AC8000B04C2 /* ProfileController.swift */; };
		2196BB22270A8FE5000B04C2 /* FeedCell.swift in Sources */ = {isa = PBXBuildFile; fileRef = 2196BB21270A8FE5000B04C2 /* FeedCell.swift */; };
		2196BB24270A9079000B04C2 /* Extensions.swift in Sources */ = {isa = PBXBuildFile; fileRef = 2196BB23270A9079000B04C2 /* Extensions.swift */; };
		2196BB27270AA60B000B04C2 /* LoginController.swift in Sources */ = {isa = PBXBuildFile; fileRef = 2196BB26270AA60B000B04C2 /* LoginController.swift */; };
		2196BB29270AA617000B04C2 /* RegistrationController.swift in Sources */ = {isa = PBXBuildFile; fileRef = 2196BB28270AA617000B04C2 /* RegistrationController.swift */; };
		2196BB2B270BE373000B04C2 /* CustomAuthTextField.swift in Sources */ = {isa = PBXBuildFile; fileRef = 2196BB2A270BE373000B04C2 /* CustomAuthTextField.swift */; };
		2196BB2D270BE9D9000B04C2 /* README.md in Resources */ = {isa = PBXBuildFile; fileRef = 2196BB2C270BE9D9000B04C2 /* README.md */; };
		2196BB2F270D7C7B000B04C2 /* CustomAuthButton.swift in Sources */ = {isa = PBXBuildFile; fileRef = 2196BB2E270D7C7B000B04C2 /* CustomAuthButton.swift */; };
		2196BB35270E7B0C000B04C2 /* AuthenticationViewModel.swift in Sources */ = {isa = PBXBuildFile; fileRef = 2196BB34270E7B0C000B04C2 /* AuthenticationViewModel.swift */; };
		2196BB37270EE1A8000B04C2 /* GoogleService-Info.plist in Resources */ = {isa = PBXBuildFile; fileRef = 2196BB36270EE1A8000B04C2 /* GoogleService-Info.plist */; };
		21E8E21F2711341300A0F20F /* ImageUploader.swift in Sources */ = {isa = PBXBuildFile; fileRef = 21E8E21E2711341300A0F20F /* ImageUploader.swift */; };
		21E8E2212711341E00A0F20F /* AuthService.swift in Sources */ = {isa = PBXBuildFile; fileRef = 21E8E2202711341E00A0F20F /* AuthService.swift */; };
		21E8E22327120C8000A0F20F /* ProfileCell.swift in Sources */ = {isa = PBXBuildFile; fileRef = 21E8E22227120C8000A0F20F /* ProfileCell.swift */; };
		21E8E22527120C9200A0F20F /* ProfileHeader.swift in Sources */ = {isa = PBXBuildFile; fileRef = 21E8E22427120C9200A0F20F /* ProfileHeader.swift */; };
		21E8E24C2712749700A0F20F /* UserService.swift in Sources */ = {isa = PBXBuildFile; fileRef = 21E8E24B2712749700A0F20F /* UserService.swift */; };
		21E8E24E2712750C00A0F20F /* Constants.swift in Sources */ = {isa = PBXBuildFile; fileRef = 21E8E24D2712750C00A0F20F /* Constants.swift */; };
		21E8E25027127AAB00A0F20F /* User.swift in Sources */ = {isa = PBXBuildFile; fileRef = 21E8E24F27127AAB00A0F20F /* User.swift */; };
		21E8E2522712947900A0F20F /* ProfileHeaderViewModel.swift in Sources */ = {isa = PBXBuildFile; fileRef = 21E8E2512712947900A0F20F /* ProfileHeaderViewModel.swift */; };
		BB60E7FFCEF9F439864C0864 /* Pods_PictureMeApp.framework in Frameworks */ = {isa = PBXBuildFile; fileRef = 143AF4DD4B1F918A7ED38B2B /* Pods_PictureMeApp.framework */; };
/* End PBXBuildFile section */

/* Begin PBXFileReference section */
		143AF4DD4B1F918A7ED38B2B /* Pods_PictureMeApp.framework */ = {isa = PBXFileReference; explicitFileType = wrapper.framework; includeInIndex = 0; path = Pods_PictureMeApp.framework; sourceTree = BUILT_PRODUCTS_DIR; };
		216E61472713C7A5006FAF9E /* UserCell.swift */ = {isa = PBXFileReference; lastKnownFileType = sourcecode.swift; path = UserCell.swift; sourceTree = "<group>"; };
		216E61492715294B006FAF9E /* UserCellViewModel.swift */ = {isa = PBXFileReference; lastKnownFileType = sourcecode.swift; path = UserCellViewModel.swift; sourceTree = "<group>"; };
		216E614B2718CA55006FAF9E /* UploadPostController.swift */ = {isa = PBXFileReference; lastKnownFileType = sourcecode.swift; path = UploadPostController.swift; sourceTree = "<group>"; };
		216E614E2718D4F3006FAF9E /* CustomInputTextView.swift */ = {isa = PBXFileReference; lastKnownFileType = sourcecode.swift; path = CustomInputTextView.swift; sourceTree = "<group>"; };
		2196BAF8270A77B8000B04C2 /* PictureMeApp.app */ = {isa = PBXFileReference; explicitFileType = wrapper.application; includeInIndex = 0; path = PictureMeApp.app; sourceTree = BUILT_PRODUCTS_DIR; };
		2196BAFB270A77B8000B04C2 /* AppDelegate.swift */ = {isa = PBXFileReference; lastKnownFileType = sourcecode.swift; path = AppDelegate.swift; sourceTree = "<group>"; };
		2196BAFD270A77B8000B04C2 /* SceneDelegate.swift */ = {isa = PBXFileReference; lastKnownFileType = sourcecode.swift; path = SceneDelegate.swift; sourceTree = "<group>"; };
		2196BB02270A77B8000B04C2 /* Base */ = {isa = PBXFileReference; lastKnownFileType = file.storyboard; name = Base; path = Base.lproj/Main.storyboard; sourceTree = "<group>"; };
		2196BB04270A77BA000B04C2 /* Assets.xcassets */ = {isa = PBXFileReference; lastKnownFileType = folder.assetcatalog; path = Assets.xcassets; sourceTree = "<group>"; };
		2196BB07270A77BA000B04C2 /* Base */ = {isa = PBXFileReference; lastKnownFileType = file.storyboard; name = Base; path = Base.lproj/LaunchScreen.storyboard; sourceTree = "<group>"; };
		2196BB09270A77BA000B04C2 /* Info.plist */ = {isa = PBXFileReference; lastKnownFileType = text.plist.xml; path = Info.plist; sourceTree = "<group>"; };
		2196BB15270A792C000B04C2 /* MainTabController.swift */ = {isa = PBXFileReference; lastKnownFileType = sourcecode.swift; path = MainTabController.swift; sourceTree = "<group>"; };
		2196BB17270A7A93000B04C2 /* FeedController.swift */ = {isa = PBXFileReference; lastKnownFileType = sourcecode.swift; path = FeedController.swift; sourceTree = "<group>"; };
		2196BB19270A7AA1000B04C2 /* SearchController.swift */ = {isa = PBXFileReference; lastKnownFileType = sourcecode.swift; path = SearchController.swift; sourceTree = "<group>"; };
		2196BB1B270A7AAC000B04C2 /* ImageSelectorController.swift */ = {isa = PBXFileReference; lastKnownFileType = sourcecode.swift; path = ImageSelectorController.swift; sourceTree = "<group>"; };
		2196BB1D270A7ABB000B04C2 /* NotificationsController.swift */ = {isa = PBXFileReference; lastKnownFileType = sourcecode.swift; path = NotificationsController.swift; sourceTree = "<group>"; };
		2196BB1F270A7AC8000B04C2 /* ProfileController.swift */ = {isa = PBXFileReference; lastKnownFileType = sourcecode.swift; path = ProfileController.swift; sourceTree = "<group>"; };
		2196BB21270A8FE5000B04C2 /* FeedCell.swift */ = {isa = PBXFileReference; lastKnownFileType = sourcecode.swift; path = FeedCell.swift; sourceTree = "<group>"; };
		2196BB23270A9079000B04C2 /* Extensions.swift */ = {isa = PBXFileReference; lastKnownFileType = sourcecode.swift; path = Extensions.swift; sourceTree = "<group>"; };
		2196BB26270AA60B000B04C2 /* LoginController.swift */ = {isa = PBXFileReference; lastKnownFileType = sourcecode.swift; path = LoginController.swift; sourceTree = "<group>"; };
		2196BB28270AA617000B04C2 /* RegistrationController.swift */ = {isa = PBXFileReference; lastKnownFileType = sourcecode.swift; path = RegistrationController.swift; sourceTree = "<group>"; };
		2196BB2A270BE373000B04C2 /* CustomAuthTextField.swift */ = {isa = PBXFileReference; lastKnownFileType = sourcecode.swift; path = CustomAuthTextField.swift; sourceTree = "<group>"; };
		2196BB2C270BE9D9000B04C2 /* README.md */ = {isa = PBXFileReference; lastKnownFileType = net.daringfireball.markdown; path = README.md; sourceTree = "<group>"; };
		2196BB2E270D7C7B000B04C2 /* CustomAuthButton.swift */ = {isa = PBXFileReference; lastKnownFileType = sourcecode.swift; path = CustomAuthButton.swift; sourceTree = "<group>"; };
		2196BB34270E7B0C000B04C2 /* AuthenticationViewModel.swift */ = {isa = PBXFileReference; lastKnownFileType = sourcecode.swift; path = AuthenticationViewModel.swift; sourceTree = "<group>"; };
		2196BB36270EE1A8000B04C2 /* GoogleService-Info.plist */ = {isa = PBXFileReference; lastKnownFileType = text.plist; path = "GoogleService-Info.plist"; sourceTree = SOURCE_ROOT; };
		21E8E21E2711341300A0F20F /* ImageUploader.swift */ = {isa = PBXFileReference; lastKnownFileType = sourcecode.swift; path = ImageUploader.swift; sourceTree = "<group>"; };
		21E8E2202711341E00A0F20F /* AuthService.swift */ = {isa = PBXFileReference; lastKnownFileType = sourcecode.swift; path = AuthService.swift; sourceTree = "<group>"; };
		21E8E22227120C8000A0F20F /* ProfileCell.swift */ = {isa = PBXFileReference; lastKnownFileType = sourcecode.swift; path = ProfileCell.swift; sourceTree = "<group>"; };
		21E8E22427120C9200A0F20F /* ProfileHeader.swift */ = {isa = PBXFileReference; lastKnownFileType = sourcecode.swift; path = ProfileHeader.swift; sourceTree = "<group>"; };
		21E8E24B2712749700A0F20F /* UserService.swift */ = {isa = PBXFileReference; lastKnownFileType = sourcecode.swift; path = UserService.swift; sourceTree = "<group>"; };
		21E8E24D2712750C00A0F20F /* Constants.swift */ = {isa = PBXFileReference; lastKnownFileType = sourcecode.swift; path = Constants.swift; sourceTree = "<group>"; };
		21E8E24F27127AAB00A0F20F /* User.swift */ = {isa = PBXFileReference; lastKnownFileType = sourcecode.swift; path = User.swift; sourceTree = "<group>"; };
		21E8E2512712947900A0F20F /* ProfileHeaderViewModel.swift */ = {isa = PBXFileReference; lastKnownFileType = sourcecode.swift; path = ProfileHeaderViewModel.swift; sourceTree = "<group>"; };
		487FD439B676D3D3CDC655AD /* Pods-PictureMeApp.debug.xcconfig */ = {isa = PBXFileReference; includeInIndex = 1; lastKnownFileType = text.xcconfig; name = "Pods-PictureMeApp.debug.xcconfig"; path = "Target Support Files/Pods-PictureMeApp/Pods-PictureMeApp.debug.xcconfig"; sourceTree = "<group>"; };
		B7D5D426F1B6452B6475CE2E /* Pods-PictureMeApp.release.xcconfig */ = {isa = PBXFileReference; includeInIndex = 1; lastKnownFileType = text.xcconfig; name = "Pods-PictureMeApp.release.xcconfig"; path = "Target Support Files/Pods-PictureMeApp/Pods-PictureMeApp.release.xcconfig"; sourceTree = "<group>"; };
/* End PBXFileReference section */

/* Begin PBXFrameworksBuildPhase section */
		2196BAF5270A77B8000B04C2 /* Frameworks */ = {
			isa = PBXFrameworksBuildPhase;
			buildActionMask = 2147483647;
			files = (
				BB60E7FFCEF9F439864C0864 /* Pods_PictureMeApp.framework in Frameworks */,
			);
			runOnlyForDeploymentPostprocessing = 0;
		};
/* End PBXFrameworksBuildPhase section */

/* Begin PBXGroup section */
		216E61462713C796006FAF9E /* Search */ = {
			isa = PBXGroup;
			children = (
				216E61472713C7A5006FAF9E /* UserCell.swift */,
			);
			path = Search;
			sourceTree = "<group>";
		};
		216E614D2718CA82006FAF9E /* UploadPosts */ = {
			isa = PBXGroup;
			children = (
				2196BB1B270A7AAC000B04C2 /* ImageSelectorController.swift */,
				216E614B2718CA55006FAF9E /* UploadPostController.swift */,
			);
			path = UploadPosts;
			sourceTree = "<group>";
		};
		2196BAEF270A77B8000B04C2 = {
			isa = PBXGroup;
			children = (
				2196BB2C270BE9D9000B04C2 /* README.md */,
				2196BAFA270A77B8000B04C2 /* PictureMeApp */,
				2196BAF9270A77B8000B04C2 /* Products */,
				B7EC4585C3142B5BA8312BE4 /* Pods */,
				FFF410B501E8AFD913B1579B /* Frameworks */,
			);
			sourceTree = "<group>";
		};
		2196BAF9270A77B8000B04C2 /* Products */ = {
			isa = PBXGroup;
			children = (
				2196BAF8270A77B8000B04C2 /* PictureMeApp.app */,
			);
			name = Products;
			sourceTree = "<group>";
		};
		2196BAFA270A77B8000B04C2 /* PictureMeApp */ = {
			isa = PBXGroup;
			children = (
				2196BB13270A78B2000B04C2 /* APICaller */,
				2196BB0F270A785B000B04C2 /* Models */,
				2196BB10270A7884000B04C2 /* Views */,
				2196BB11270A788A000B04C2 /* ViewModels */,
				2196BB12270A7896000B04C2 /* Controllers */,
				2196BB14270A78BD000B04C2 /* Utils */,
				2196BAFB270A77B8000B04C2 /* AppDelegate.swift */,
				2196BAFD270A77B8000B04C2 /* SceneDelegate.swift */,
				2196BB01270A77B8000B04C2 /* Main.storyboard */,
				2196BB04270A77BA000B04C2 /* Assets.xcassets */,
				2196BB06270A77BA000B04C2 /* LaunchScreen.storyboard */,
				2196BB09270A77BA000B04C2 /* Info.plist */,
				2196BB36270EE1A8000B04C2 /* GoogleService-Info.plist */,
			);
			path = PictureMeApp;
			sourceTree = "<group>";
		};
		2196BB0F270A785B000B04C2 /* Models */ = {
			isa = PBXGroup;
			children = (
				21E8E24F27127AAB00A0F20F /* User.swift */,
			);
			path = Models;
			sourceTree = "<group>";
		};
		2196BB10270A7884000B04C2 /* Views */ = {
			isa = PBXGroup;
			children = (
				216E61462713C796006FAF9E /* Search */,
				21E8E253271298C700A0F20F /* Feed */,
				21E8E22627120CA200A0F20F /* Profile */,
			);
			path = Views;
			sourceTree = "<group>";
		};
		2196BB11270A788A000B04C2 /* ViewModels */ = {
			isa = PBXGroup;
			children = (
				2196BB34270E7B0C000B04C2 /* AuthenticationViewModel.swift */,
				21E8E2512712947900A0F20F /* ProfileHeaderViewModel.swift */,
				216E61492715294B006FAF9E /* UserCellViewModel.swift */,
			);
			path = ViewModels;
			sourceTree = "<group>";
		};
		2196BB12270A7896000B04C2 /* Controllers */ = {
			isa = PBXGroup;
			children = (
				2196BB25270AA5F5000B04C2 /* Authentication */,
				2196BB15270A792C000B04C2 /* MainTabController.swift */,
				2196BB17270A7A93000B04C2 /* FeedController.swift */,
				2196BB19270A7AA1000B04C2 /* SearchController.swift */,
				216E614D2718CA82006FAF9E /* UploadPosts */,
				2196BB1D270A7ABB000B04C2 /* NotificationsController.swift */,
				2196BB1F270A7AC8000B04C2 /* ProfileController.swift */,
			);
			path = Controllers;
			sourceTree = "<group>";
		};
		2196BB13270A78B2000B04C2 /* APICaller */ = {
			isa = PBXGroup;
			children = (
				21E8E21E2711341300A0F20F /* ImageUploader.swift */,
				21E8E2202711341E00A0F20F /* AuthService.swift */,
				21E8E24B2712749700A0F20F /* UserService.swift */,
			);
			path = APICaller;
			sourceTree = "<group>";
		};
		2196BB14270A78BD000B04C2 /* Utils */ = {
			isa = PBXGroup;
			children = (
				2196BB30270D7CF1000B04C2 /* CustomClasses */,
				2196BB23270A9079000B04C2 /* Extensions.swift */,
				21E8E24D2712750C00A0F20F /* Constants.swift */,
			);
			path = Utils;
			sourceTree = "<group>";
		};
		2196BB25270AA5F5000B04C2 /* Authentication */ = {
			isa = PBXGroup;
			children = (
				2196BB26270AA60B000B04C2 /* LoginController.swift */,
				2196BB28270AA617000B04C2 /* RegistrationController.swift */,
			);
			path = Authentication;
			sourceTree = "<group>";
		};
		2196BB30270D7CF1000B04C2 /* CustomClasses */ = {
			isa = PBXGroup;
			children = (
				2196BB2E270D7C7B000B04C2 /* CustomAuthButton.swift */,
				2196BB2A270BE373000B04C2 /* CustomAuthTextField.swift */,
				216E614E2718D4F3006FAF9E /* CustomInputTextView.swift */,
			);
			path = CustomClasses;
			sourceTree = "<group>";
		};
		21E8E22627120CA200A0F20F /* Profile */ = {
			isa = PBXGroup;
			children = (
				21E8E22427120C9200A0F20F /* ProfileHeader.swift */,
				21E8E22227120C8000A0F20F /* ProfileCell.swift */,
			);
			path = Profile;
			sourceTree = "<group>";
		};
		21E8E253271298C700A0F20F /* Feed */ = {
			isa = PBXGroup;
			children = (
				2196BB21270A8FE5000B04C2 /* FeedCell.swift */,
			);
			path = Feed;
			sourceTree = "<group>";
		};
		B7EC4585C3142B5BA8312BE4 /* Pods */ = {
			isa = PBXGroup;
			children = (
				487FD439B676D3D3CDC655AD /* Pods-PictureMeApp.debug.xcconfig */,
				B7D5D426F1B6452B6475CE2E /* Pods-PictureMeApp.release.xcconfig */,
			);
			path = Pods;
			sourceTree = "<group>";
		};
		FFF410B501E8AFD913B1579B /* Frameworks */ = {
			isa = PBXGroup;
			children = (
				143AF4DD4B1F918A7ED38B2B /* Pods_PictureMeApp.framework */,
			);
			name = Frameworks;
			sourceTree = "<group>";
		};
/* End PBXGroup section */

/* Begin PBXNativeTarget section */
		2196BAF7270A77B8000B04C2 /* PictureMeApp */ = {
			isa = PBXNativeTarget;
			buildConfigurationList = 2196BB0C270A77BA000B04C2 /* Build configuration list for PBXNativeTarget "PictureMeApp" */;
			buildPhases = (
				CDC87539E802403571E9043E /* [CP] Check Pods Manifest.lock */,
				2196BAF4270A77B8000B04C2 /* Sources */,
				2196BAF5270A77B8000B04C2 /* Frameworks */,
				2196BAF6270A77B8000B04C2 /* Resources */,
				DF40601B00EA680204258D7F /* [CP] Embed Pods Frameworks */,
			);
			buildRules = (
			);
			dependencies = (
			);
			name = PictureMeApp;
			productName = PictureMeApp;
			productReference = 2196BAF8270A77B8000B04C2 /* PictureMeApp.app */;
			productType = "com.apple.product-type.application";
		};
/* End PBXNativeTarget section */

/* Begin PBXProject section */
		2196BAF0270A77B8000B04C2 /* Project object */ = {
			isa = PBXProject;
			attributes = {
				BuildIndependentTargetsInParallel = 1;
				LastSwiftUpdateCheck = 1300;
				LastUpgradeCheck = 1300;
				TargetAttributes = {
					2196BAF7270A77B8000B04C2 = {
						CreatedOnToolsVersion = 13.0;
					};
				};
			};
			buildConfigurationList = 2196BAF3270A77B8000B04C2 /* Build configuration list for PBXProject "PictureMeApp" */;
			compatibilityVersion = "Xcode 13.0";
			developmentRegion = en;
			hasScannedForEncodings = 0;
			knownRegions = (
				en,
				Base,
			);
			mainGroup = 2196BAEF270A77B8000B04C2;
			productRefGroup = 2196BAF9270A77B8000B04C2 /* Products */;
			projectDirPath = "";
			projectRoot = "";
			targets = (
				2196BAF7270A77B8000B04C2 /* PictureMeApp */,
			);
		};
/* End PBXProject section */

/* Begin PBXResourcesBuildPhase section */
		2196BAF6270A77B8000B04C2 /* Resources */ = {
			isa = PBXResourcesBuildPhase;
			buildActionMask = 2147483647;
			files = (
				2196BB08270A77BA000B04C2 /* LaunchScreen.storyboard in Resources */,
				2196BB05270A77BA000B04C2 /* Assets.xcassets in Resources */,
				2196BB37270EE1A8000B04C2 /* GoogleService-Info.plist in Resources */,
				2196BB2D270BE9D9000B04C2 /* README.md in Resources */,
				2196BB03270A77B8000B04C2 /* Main.storyboard in Resources */,
			);
			runOnlyForDeploymentPostprocessing = 0;
		};
/* End PBXResourcesBuildPhase section */

/* Begin PBXShellScriptBuildPhase section */
		CDC87539E802403571E9043E /* [CP] Check Pods Manifest.lock */ = {
			isa = PBXShellScriptBuildPhase;
			buildActionMask = 2147483647;
			files = (
			);
			inputFileListPaths = (
			);
			inputPaths = (
				"${PODS_PODFILE_DIR_PATH}/Podfile.lock",
				"${PODS_ROOT}/Manifest.lock",
			);
			name = "[CP] Check Pods Manifest.lock";
			outputFileListPaths = (
			);
			outputPaths = (
				"$(DERIVED_FILE_DIR)/Pods-PictureMeApp-checkManifestLockResult.txt",
			);
			runOnlyForDeploymentPostprocessing = 0;
			shellPath = /bin/sh;
			shellScript = "diff \"${PODS_PODFILE_DIR_PATH}/Podfile.lock\" \"${PODS_ROOT}/Manifest.lock\" > /dev/null\nif [ $? != 0 ] ; then\n    # print error to STDERR\n    echo \"error: The sandbox is not in sync with the Podfile.lock. Run 'pod install' or update your CocoaPods installation.\" >&2\n    exit 1\nfi\n# This output is used by Xcode 'outputs' to avoid re-running this script phase.\necho \"SUCCESS\" > \"${SCRIPT_OUTPUT_FILE_0}\"\n";
			showEnvVarsInLog = 0;
		};
		DF40601B00EA680204258D7F /* [CP] Embed Pods Frameworks */ = {
			isa = PBXShellScriptBuildPhase;
			buildActionMask = 2147483647;
			files = (
			);
			inputFileListPaths = (
				"${PODS_ROOT}/Target Support Files/Pods-PictureMeApp/Pods-PictureMeApp-frameworks-${CONFIGURATION}-input-files.xcfilelist",
			);
			name = "[CP] Embed Pods Frameworks";
			outputFileListPaths = (
				"${PODS_ROOT}/Target Support Files/Pods-PictureMeApp/Pods-PictureMeApp-frameworks-${CONFIGURATION}-output-files.xcfilelist",
			);
			runOnlyForDeploymentPostprocessing = 0;
			shellPath = /bin/sh;
			shellScript = "\"${PODS_ROOT}/Target Support Files/Pods-PictureMeApp/Pods-PictureMeApp-frameworks.sh\"\n";
			showEnvVarsInLog = 0;
		};
/* End PBXShellScriptBuildPhase section */

/* Begin PBXSourcesBuildPhase section */
		2196BAF4270A77B8000B04C2 /* Sources */ = {
			isa = PBXSourcesBuildPhase;
			buildActionMask = 2147483647;
			files = (
				2196BB2B270BE373000B04C2 /* CustomAuthTextField.swift in Sources */,
				21E8E22527120C9200A0F20F /* ProfileHeader.swift in Sources */,
				216E614C2718CA56006FAF9E /* UploadPostController.swift in Sources */,
				2196BB27270AA60B000B04C2 /* LoginController.swift in Sources */,
				2196BAFC270A77B8000B04C2 /* AppDelegate.swift in Sources */,
				2196BB1A270A7AA1000B04C2 /* SearchController.swift in Sources */,
				2196BB16270A792C000B04C2 /* MainTabController.swift in Sources */,
				216E614F2718D4F3006FAF9E /* CustomInputTextView.swift in Sources */,
				2196BAFE270A77B8000B04C2 /* SceneDelegate.swift in Sources */,
				2196BB35270E7B0C000B04C2 /* AuthenticationViewModel.swift in Sources */,
				216E61482713C7A5006FAF9E /* UserCell.swift in Sources */,
				2196BB2F270D7C7B000B04C2 /* CustomAuthButton.swift in Sources */,
				2196BB1E270A7ABB000B04C2 /* NotificationsController.swift in Sources */,
				21E8E25027127AAB00A0F20F /* User.swift in Sources */,
				2196BB24270A9079000B04C2 /* Extensions.swift in Sources */,
				21E8E2522712947900A0F20F /* ProfileHeaderViewModel.swift in Sources */,
				21E8E24E2712750C00A0F20F /* Constants.swift in Sources */,
				2196BB1C270A7AAC000B04C2 /* ImageSelectorController.swift in Sources */,
				216E614A2715294B006FAF9E /* UserCellViewModel.swift in Sources */,
				2196BB18270A7A93000B04C2 /* FeedController.swift in Sources */,
				2196BB20270A7AC8000B04C2 /* ProfileController.swift in Sources */,
				21E8E21F2711341300A0F20F /* ImageUploader.swift in Sources */,
				21E8E2212711341E00A0F20F /* AuthService.swift in Sources */,
				21E8E24C2712749700A0F20F /* UserService.swift in Sources */,
				21E8E22327120C8000A0F20F /* ProfileCell.swift in Sources */,
				2196BB29270AA617000B04C2 /* RegistrationController.swift in Sources */,
				2196BB22270A8FE5000B04C2 /* FeedCell.swift in Sources */,
			);
			runOnlyForDeploymentPostprocessing = 0;
		};
/* End PBXSourcesBuildPhase section */

/* Begin PBXVariantGroup section */
		2196BB01270A77B8000B04C2 /* Main.storyboard */ = {
			isa = PBXVariantGroup;
			children = (
				2196BB02270A77B8000B04C2 /* Base */,
			);
			name = Main.storyboard;
			sourceTree = "<group>";
		};
		2196BB06270A77BA000B04C2 /* LaunchScreen.storyboard */ = {
			isa = PBXVariantGroup;
			children = (
				2196BB07270A77BA000B04C2 /* Base */,
			);
			name = LaunchScreen.storyboard;
			sourceTree = "<group>";
		};
/* End PBXVariantGroup section */

/* Begin XCBuildConfiguration section */
		2196BB0A270A77BA000B04C2 /* Debug */ = {
			isa = XCBuildConfiguration;
			buildSettings = {
				ALWAYS_SEARCH_USER_PATHS = NO;
				CLANG_ANALYZER_NONNULL = YES;
				CLANG_ANALYZER_NUMBER_OBJECT_CONVERSION = YES_AGGRESSIVE;
				CLANG_CXX_LANGUAGE_STANDARD = "gnu++17";
				CLANG_CXX_LIBRARY = "libc++";
				CLANG_ENABLE_MODULES = YES;
				CLANG_ENABLE_OBJC_ARC = YES;
				CLANG_ENABLE_OBJC_WEAK = YES;
				CLANG_WARN_BLOCK_CAPTURE_AUTORELEASING = YES;
				CLANG_WARN_BOOL_CONVERSION = YES;
				CLANG_WARN_COMMA = YES;
				CLANG_WARN_CONSTANT_CONVERSION = YES;
				CLANG_WARN_DEPRECATED_OBJC_IMPLEMENTATIONS = YES;
				CLANG_WARN_DIRECT_OBJC_ISA_USAGE = YES_ERROR;
				CLANG_WARN_DOCUMENTATION_COMMENTS = YES;
				CLANG_WARN_EMPTY_BODY = YES;
				CLANG_WARN_ENUM_CONVERSION = YES;
				CLANG_WARN_INFINITE_RECURSION = YES;
				CLANG_WARN_INT_CONVERSION = YES;
				CLANG_WARN_NON_LITERAL_NULL_CONVERSION = YES;
				CLANG_WARN_OBJC_IMPLICIT_RETAIN_SELF = YES;
				CLANG_WARN_OBJC_LITERAL_CONVERSION = YES;
				CLANG_WARN_OBJC_ROOT_CLASS = YES_ERROR;
				CLANG_WARN_QUOTED_INCLUDE_IN_FRAMEWORK_HEADER = YES;
				CLANG_WARN_RANGE_LOOP_ANALYSIS = YES;
				CLANG_WARN_STRICT_PROTOTYPES = YES;
				CLANG_WARN_SUSPICIOUS_MOVE = YES;
				CLANG_WARN_UNGUARDED_AVAILABILITY = YES_AGGRESSIVE;
				CLANG_WARN_UNREACHABLE_CODE = YES;
				CLANG_WARN__DUPLICATE_METHOD_MATCH = YES;
				COPY_PHASE_STRIP = NO;
				DEBUG_INFORMATION_FORMAT = dwarf;
				ENABLE_STRICT_OBJC_MSGSEND = YES;
				ENABLE_TESTABILITY = YES;
				GCC_C_LANGUAGE_STANDARD = gnu11;
				GCC_DYNAMIC_NO_PIC = NO;
				GCC_NO_COMMON_BLOCKS = YES;
				GCC_OPTIMIZATION_LEVEL = 0;
				GCC_PREPROCESSOR_DEFINITIONS = (
					"DEBUG=1",
					"$(inherited)",
				);
				GCC_WARN_64_TO_32_BIT_CONVERSION = YES;
				GCC_WARN_ABOUT_RETURN_TYPE = YES_ERROR;
				GCC_WARN_UNDECLARED_SELECTOR = YES;
				GCC_WARN_UNINITIALIZED_AUTOS = YES_AGGRESSIVE;
				GCC_WARN_UNUSED_FUNCTION = YES;
				GCC_WARN_UNUSED_VARIABLE = YES;
				IPHONEOS_DEPLOYMENT_TARGET = 15.0;
				MTL_ENABLE_DEBUG_INFO = INCLUDE_SOURCE;
				MTL_FAST_MATH = YES;
				ONLY_ACTIVE_ARCH = YES;
				SDKROOT = iphoneos;
				SWIFT_ACTIVE_COMPILATION_CONDITIONS = DEBUG;
				SWIFT_OPTIMIZATION_LEVEL = "-Onone";
			};
			name = Debug;
		};
		2196BB0B270A77BA000B04C2 /* Release */ = {
			isa = XCBuildConfiguration;
			buildSettings = {
				ALWAYS_SEARCH_USER_PATHS = NO;
				CLANG_ANALYZER_NONNULL = YES;
				CLANG_ANALYZER_NUMBER_OBJECT_CONVERSION = YES_AGGRESSIVE;
				CLANG_CXX_LANGUAGE_STANDARD = "gnu++17";
				CLANG_CXX_LIBRARY = "libc++";
				CLANG_ENABLE_MODULES = YES;
				CLANG_ENABLE_OBJC_ARC = YES;
				CLANG_ENABLE_OBJC_WEAK = YES;
				CLANG_WARN_BLOCK_CAPTURE_AUTORELEASING = YES;
				CLANG_WARN_BOOL_CONVERSION = YES;
				CLANG_WARN_COMMA = YES;
				CLANG_WARN_CONSTANT_CONVERSION = YES;
				CLANG_WARN_DEPRECATED_OBJC_IMPLEMENTATIONS = YES;
				CLANG_WARN_DIRECT_OBJC_ISA_USAGE = YES_ERROR;
				CLANG_WARN_DOCUMENTATION_COMMENTS = YES;
				CLANG_WARN_EMPTY_BODY = YES;
				CLANG_WARN_ENUM_CONVERSION = YES;
				CLANG_WARN_INFINITE_RECURSION = YES;
				CLANG_WARN_INT_CONVERSION = YES;
				CLANG_WARN_NON_LITERAL_NULL_CONVERSION = YES;
				CLANG_WARN_OBJC_IMPLICIT_RETAIN_SELF = YES;
				CLANG_WARN_OBJC_LITERAL_CONVERSION = YES;
				CLANG_WARN_OBJC_ROOT_CLASS = YES_ERROR;
				CLANG_WARN_QUOTED_INCLUDE_IN_FRAMEWORK_HEADER = YES;
				CLANG_WARN_RANGE_LOOP_ANALYSIS = YES;
				CLANG_WARN_STRICT_PROTOTYPES = YES;
				CLANG_WARN_SUSPICIOUS_MOVE = YES;
				CLANG_WARN_UNGUARDED_AVAILABILITY = YES_AGGRESSIVE;
				CLANG_WARN_UNREACHABLE_CODE = YES;
				CLANG_WARN__DUPLICATE_METHOD_MATCH = YES;
				COPY_PHASE_STRIP = NO;
				DEBUG_INFORMATION_FORMAT = "dwarf-with-dsym";
				ENABLE_NS_ASSERTIONS = NO;
				ENABLE_STRICT_OBJC_MSGSEND = YES;
				GCC_C_LANGUAGE_STANDARD = gnu11;
				GCC_NO_COMMON_BLOCKS = YES;
				GCC_WARN_64_TO_32_BIT_CONVERSION = YES;
				GCC_WARN_ABOUT_RETURN_TYPE = YES_ERROR;
				GCC_WARN_UNDECLARED_SELECTOR = YES;
				GCC_WARN_UNINITIALIZED_AUTOS = YES_AGGRESSIVE;
				GCC_WARN_UNUSED_FUNCTION = YES;
				GCC_WARN_UNUSED_VARIABLE = YES;
				IPHONEOS_DEPLOYMENT_TARGET = 15.0;
				MTL_ENABLE_DEBUG_INFO = NO;
				MTL_FAST_MATH = YES;
				SDKROOT = iphoneos;
				SWIFT_COMPILATION_MODE = wholemodule;
				SWIFT_OPTIMIZATION_LEVEL = "-O";
				VALIDATE_PRODUCT = YES;
			};
			name = Release;
		};
		2196BB0D270A77BA000B04C2 /* Debug */ = {
			isa = XCBuildConfiguration;
			baseConfigurationReference = 487FD439B676D3D3CDC655AD /* Pods-PictureMeApp.debug.xcconfig */;
			buildSettings = {
				ASSETCATALOG_COMPILER_APPICON_NAME = AppIcon;
				ASSETCATALOG_COMPILER_GLOBAL_ACCENT_COLOR_NAME = AccentColor;
				CODE_SIGN_STYLE = Automatic;
				CURRENT_PROJECT_VERSION = 1;
				DEVELOPMENT_TEAM = QLJ84Q3ZSY;
				GENERATE_INFOPLIST_FILE = YES;
				INFOPLIST_FILE = PictureMeApp/Info.plist;
				INFOPLIST_KEY_UIApplicationSupportsIndirectInputEvents = YES;
				INFOPLIST_KEY_UILaunchStoryboardName = LaunchScreen;
				INFOPLIST_KEY_UIMainStoryboardFile = Main;
				INFOPLIST_KEY_UISupportedInterfaceOrientations_iPad = "UIInterfaceOrientationPortrait UIInterfaceOrientationPortraitUpsideDown UIInterfaceOrientationLandscapeLeft UIInterfaceOrientationLandscapeRight";
				INFOPLIST_KEY_UISupportedInterfaceOrientations_iPhone = "UIInterfaceOrientationPortrait UIInterfaceOrientationLandscapeLeft UIInterfaceOrientationLandscapeRight";
				LD_RUNPATH_SEARCH_PATHS = (
					"$(inherited)",
					"@executable_path/Frameworks",
				);
				MARKETING_VERSION = 1.0;
				PRODUCT_BUNDLE_IDENTIFIER = com.aveldanov.PictureMeApp;
				PRODUCT_NAME = "$(TARGET_NAME)";
				SWIFT_EMIT_LOC_STRINGS = YES;
				SWIFT_VERSION = 5.0;
				TARGETED_DEVICE_FAMILY = "1,2";
			};
			name = Debug;
		};
		2196BB0E270A77BA000B04C2 /* Release */ = {
			isa = XCBuildConfiguration;
			baseConfigurationReference = B7D5D426F1B6452B6475CE2E /* Pods-PictureMeApp.release.xcconfig */;
			buildSettings = {
				ASSETCATALOG_COMPILER_APPICON_NAME = AppIcon;
				ASSETCATALOG_COMPILER_GLOBAL_ACCENT_COLOR_NAME = AccentColor;
				CODE_SIGN_STYLE = Automatic;
				CURRENT_PROJECT_VERSION = 1;
				DEVELOPMENT_TEAM = QLJ84Q3ZSY;
				GENERATE_INFOPLIST_FILE = YES;
				INFOPLIST_FILE = PictureMeApp/Info.plist;
				INFOPLIST_KEY_UIApplicationSupportsIndirectInputEvents = YES;
				INFOPLIST_KEY_UILaunchStoryboardName = LaunchScreen;
				INFOPLIST_KEY_UIMainStoryboardFile = Main;
				INFOPLIST_KEY_UISupportedInterfaceOrientations_iPad = "UIInterfaceOrientationPortrait UIInterfaceOrientationPortraitUpsideDown UIInterfaceOrientationLandscapeLeft UIInterfaceOrientationLandscapeRight";
				INFOPLIST_KEY_UISupportedInterfaceOrientations_iPhone = "UIInterfaceOrientationPortrait UIInterfaceOrientationLandscapeLeft UIInterfaceOrientationLandscapeRight";
				LD_RUNPATH_SEARCH_PATHS = (
					"$(inherited)",
					"@executable_path/Frameworks",
				);
				MARKETING_VERSION = 1.0;
				PRODUCT_BUNDLE_IDENTIFIER = com.aveldanov.PictureMeApp;
				PRODUCT_NAME = "$(TARGET_NAME)";
				SWIFT_EMIT_LOC_STRINGS = YES;
				SWIFT_VERSION = 5.0;
				TARGETED_DEVICE_FAMILY = "1,2";
			};
			name = Release;
		};
/* End XCBuildConfiguration section */

/* Begin XCConfigurationList section */
		2196BAF3270A77B8000B04C2 /* Build configuration list for PBXProject "PictureMeApp" */ = {
			isa = XCConfigurationList;
			buildConfigurations = (
				2196BB0A270A77BA000B04C2 /* Debug */,
				2196BB0B270A77BA000B04C2 /* Release */,
			);
			defaultConfigurationIsVisible = 0;
			defaultConfigurationName = Release;
		};
		2196BB0C270A77BA000B04C2 /* Build configuration list for PBXNativeTarget "PictureMeApp" */ = {
			isa = XCConfigurationList;
			buildConfigurations = (
				2196BB0D270A77BA000B04C2 /* Debug */,
				2196BB0E270A77BA000B04C2 /* Release */,
			);
			defaultConfigurationIsVisible = 0;
			defaultConfigurationName = Release;
		};
/* End XCConfigurationList section */
	};
	rootObject = 2196BAF0270A77B8000B04C2 /* Project object */;
}
